
Microsoft Visual Studio Solution File, Format Version 12.00
# Visual Studio 15
VisualStudioVersion = 15.0.27703.2035
MinimumVisualStudioVersion = 10.0.40219.1
Project("{9A19103F-16F7-4668-BE54-9A1E7A4F7556}") = "NethereumChain", "NethereumChain\NethereumChain.csproj", "{36796464-260C-4658-B780-B8FA7E07FE42}"
EndProject
Project("{9A19103F-16F7-4668-BE54-9A1E7A4F7556}") = "NethereumChain.Core", "NethereumChain.Core\NethereumChain.Core.csproj", "{EF1358FB-B5DA-4531-85DA-444E3E9458F5}"
EndProject
Project("{9A19103F-16F7-4668-BE54-9A1E7A4F7556}") = "NethereumChain.Test", "NethereumChain.Test\NethereumChain.Test.csproj", "{041D3235-EBB4-4BDB-A361-0A98DD0CB7CC}"
EndProject
Project("{9A19103F-16F7-4668-BE54-9A1E7A4F7556}") = "NethereumChain.Services", "NethereumChain.Services\NethereumChain.Services.csproj", "{25AC8AA7-61E0-48E3-B437-FFFA91EF2998}"
EndProject
Global
	GlobalSection(SolutionConfigurationPlatforms) = preSolution
		Debug|Any CPU = Debug|Any CPU
		Release|Any CPU = Release|Any CPU
	EndGlobalSection
	GlobalSection(ProjectConfigurationPlatforms) = postSolution
		{36796464-260C-4658-B780-B8FA7E07FE42}.Debug|Any CPU.ActiveCfg = Debug|Any CPU
		{36796464-260C-4658-B780-B8FA7E07FE42}.Debug|Any CPU.Build.0 = Debug|Any CPU
		{36796464-260C-4658-B780-B8FA7E07FE42}.Release|Any CPU.ActiveCfg = Release|Any CPU
		{36796464-260C-4658-B780-B8FA7E07FE42}.Release|Any CPU.Build.0 = Release|Any CPU
		{EF1358FB-B5DA-4531-85DA-444E3E9458F5}.Debug|Any CPU.ActiveCfg = Debug|Any CPU
		{EF1358FB-B5DA-4531-85DA-444E3E9458F5}.Debug|Any CPU.Build.0 = Debug|Any CPU
		{EF1358FB-B5DA-4531-85DA-444E3E9458F5}.Release|Any CPU.ActiveCfg = Release|Any CPU
		{EF1358FB-B5DA-4531-85DA-444E3E9458F5}.Release|Any CPU.Build.0 = Release|Any CPU
		{041D3235-EBB4-4BDB-A361-0A98DD0CB7CC}.Debug|Any CPU.ActiveCfg = Debug|Any CPU
		{041D3235-EBB4-4BDB-A361-0A98DD0CB7CC}.Debug|Any CPU.Build.0 = Debug|Any CPU
		{041D3235-EBB4-4BDB-A361-0A98DD0CB7CC}.Release|Any CPU.ActiveCfg = Release|Any CPU
		{041D3235-EBB4-4BDB-A361-0A98DD0CB7CC}.Release|Any CPU.Build.0 = Release|Any CPU
		{25AC8AA7-61E0-48E3-B437-FFFA91EF2998}.Debug|Any CPU.ActiveCfg = Debug|Any CPU
		{25AC8AA7-61E0-48E3-B437-FFFA91EF2998}.Debug|Any CPU.Build.0 = Debug|Any CPU
		{25AC8AA7-61E0-48E3-B437-FFFA91EF2998}.Release|Any CPU.ActiveCfg = Release|Any CPU
		{25AC8AA7-61E0-48E3-B437-FFFA91EF2998}.Release|Any CPU.Build.0 = Release|Any CPU
	EndGlobalSection
	GlobalSection(SolutionProperties) = preSolution
		HideSolutionNode = FALSE
	EndGlobalSection
	GlobalSection(ExtensibilityGlobals) = postSolution
		SolutionGuid = {256DE975-8BA8-43BA-B278-83415BA54698}
	EndGlobalSection
EndGlobal
